
Microsoft Visual Studio Solution File, Format Version 12.00
# Visual Studio Version 17
VisualStudioVersion = 17.4.33205.214
MinimumVisualStudioVersion = 10.0.40219.1
Project("{9A19103F-16F7-4668-BE54-9A1E7A4F7556}") = "RoSharp", "RoSharp\RoSharp.csproj", "{22FEE4A3-1D7B-4924-B2A4-6AEA64647360}"
EndProject
Global
	GlobalSection(SolutionConfigurationPlatforms) = preSolution
		Debug|Any CPU = Debug|Any CPU
		Release|Any CPU = Release|Any CPU
	EndGlobalSection
	GlobalSection(ProjectConfigurationPlatforms) = postSolution
		{22FEE4A3-1D7B-4924-B2A4-6AEA64647360}.Debug|Any CPU.ActiveCfg = Debug|Any CPU
		{22FEE4A3-1D7B-4924-B2A4-6AEA64647360}.Debug|Any CPU.Build.0 = Debug|Any CPU
		{22FEE4A3-1D7B-4924-B2A4-6AEA64647360}.Release|Any CPU.ActiveCfg = Release|Any CPU
		{22FEE4A3-1D7B-4924-B2A4-6AEA64647360}.Release|Any CPU.Build.0 = Release|Any CPU
	EndGlobalSection
	GlobalSection(SolutionProperties) = preSolution
		HideSolutionNode = FALSE
	EndGlobalSection
	GlobalSection(ExtensibilityGlobals) = postSolution
		SolutionGuid = {7D54BC96-7D5C-4773-8414-2F891570DA14}
	EndGlobalSection
EndGlobal
